{
  "version": 4,
  "terraform_version": "1.3.5",
  "serial": 224,
  "lineage": "f92fe31f-61de-8ea3-0ab5-fa0b104f14e9",
  "outputs": {},
  "resources": [
    {
      "module": "module.customer",
      "mode": "managed",
      "type": "helm_release",
      "name": "db-mysql",
      "provider": "module.customer.provider[\"registry.terraform.io/hashicorp/helm\"]",
      "instances": [
        {
          "schema_version": 0,
          "attributes": {
            "atomic": false,
            "chart": "C:/Users/UMaheshwari/Devops/springboot/db-mysql",
            "cleanup_on_fail": false,
            "create_namespace": false,
            "dependency_update": false,
            "description": null,
            "devel": null,
            "disable_crd_hooks": false,
            "disable_openapi_validation": false,
            "disable_webhooks": false,
            "force_update": false,
            "id": "dev-customer",
            "keyring": null,
            "lint": false,
            "manifest": null,
            "max_history": 0,
            "metadata": [
              {
                "app_version": "",
                "chart": "db-mysql",
                "name": "dev-customer",
                "namespace": "assignment-namespace",
                "revision": 1,
                "values": "{\"env\":\"dev\",\"serviceName\":\"dev-customer\"}",
                "version": "3.2.1"
              }
            ],
            "name": "dev-customer",
            "namespace": "assignment-namespace",
            "pass_credentials": false,
            "postrender": [],
            "recreate_pods": false,
            "render_subchart_notes": true,
            "replace": false,
            "repository": null,
            "repository_ca_file": null,
            "repository_cert_file": null,
            "repository_key_file": null,
            "repository_password": null,
            "repository_username": null,
            "reset_values": false,
            "reuse_values": false,
            "set": [],
            "set_sensitive": [],
            "skip_crds": false,
            "status": "deployed",
            "timeout": 300,
            "values": [
              "env: \"dev\"\r\n\r\nserviceName: \"dev-customer\"\r\n"
            ],
            "verify": false,
            "version": "3.2.1",
            "wait": true,
            "wait_for_jobs": false
          },
          "sensitive_attributes": [],
          "private": "bnVsbA=="
        }
      ]
    },
    {
      "module": "module.customer",
      "mode": "managed",
      "type": "helm_release",
      "name": "my-assignment",
      "provider": "module.customer.provider[\"registry.terraform.io/hashicorp/helm\"]",
      "instances": [
        {
          "status": "tainted",
          "schema_version": 0,
          "attributes": {
            "atomic": false,
            "chart": "C:/Users/UMaheshwari/Devops/springboot/my-assignment",
            "cleanup_on_fail": false,
            "create_namespace": false,
            "dependency_update": false,
            "description": null,
            "devel": null,
            "disable_crd_hooks": false,
            "disable_openapi_validation": false,
            "disable_webhooks": false,
            "force_update": false,
            "id": "dev-customer",
            "keyring": null,
            "lint": false,
            "manifest": null,
            "max_history": 0,
            "metadata": [
              {
                "app_version": "1.16.0",
                "chart": "demo-assignment",
                "name": "dev-customer",
                "namespace": "assignment-namespace",
                "revision": 1,
                "values": "{\"env\":\"dev\",\"serviceName\":\"dev-customer\"}",
                "version": "0.1.0"
              }
            ],
            "name": "dev-customer",
            "namespace": "assignment-namespace",
            "pass_credentials": false,
            "postrender": [],
            "recreate_pods": false,
            "render_subchart_notes": true,
            "replace": false,
            "repository": null,
            "repository_ca_file": null,
            "repository_cert_file": null,
            "repository_key_file": null,
            "repository_password": null,
            "repository_username": null,
            "reset_values": false,
            "reuse_values": false,
            "set": [],
            "set_sensitive": [],
            "skip_crds": false,
            "status": "failed",
            "timeout": 300,
            "values": [
              "env: \"dev\"\r\n\r\nserviceName: \"dev-customer\"\r\n"
            ],
            "verify": false,
            "version": "0.1.0",
            "wait": true,
            "wait_for_jobs": false
          },
          "sensitive_attributes": [],
          "private": "bnVsbA=="
        }
      ]
    },
    {
      "module": "module.driver",
      "mode": "managed",
      "type": "helm_release",
      "name": "db-mysql",
      "provider": "module.driver.provider[\"registry.terraform.io/hashicorp/helm\"]",
      "instances": [
        {
          "schema_version": 0,
          "attributes": {
            "atomic": false,
            "chart": "C:/Users/UMaheshwari/Devops/springboot/db-mysql",
            "cleanup_on_fail": false,
            "create_namespace": false,
            "dependency_update": false,
            "description": null,
            "devel": null,
            "disable_crd_hooks": false,
            "disable_openapi_validation": false,
            "disable_webhooks": false,
            "force_update": false,
            "id": "dev-driver",
            "keyring": null,
            "lint": false,
            "manifest": null,
            "max_history": 0,
            "metadata": [
              {
                "app_version": "",
                "chart": "db-mysql",
                "name": "dev-driver",
                "namespace": "assignment-namespace",
                "revision": 1,
                "values": "{\"env\":\"dev\",\"serviceName\":\"dev-driver\"}",
                "version": "3.2.1"
              }
            ],
            "name": "dev-driver",
            "namespace": "assignment-namespace",
            "pass_credentials": false,
            "postrender": [],
            "recreate_pods": false,
            "render_subchart_notes": true,
            "replace": false,
            "repository": null,
            "repository_ca_file": null,
            "repository_cert_file": null,
            "repository_key_file": null,
            "repository_password": null,
            "repository_username": null,
            "reset_values": false,
            "reuse_values": false,
            "set": [],
            "set_sensitive": [],
            "skip_crds": false,
            "status": "deployed",
            "timeout": 300,
            "values": [
              "env: \"dev\"\r\n\r\nserviceName: \"dev-driver\"\r\n"
            ],
            "verify": false,
            "version": "3.2.1",
            "wait": true,
            "wait_for_jobs": false
          },
          "sensitive_attributes": [],
          "private": "bnVsbA=="
        }
      ]
    },
    {
      "module": "module.driver",
      "mode": "managed",
      "type": "helm_release",
      "name": "my-assignment",
      "provider": "module.driver.provider[\"registry.terraform.io/hashicorp/helm\"]",
      "instances": [
        {
          "status": "tainted",
          "schema_version": 0,
          "attributes": {
            "atomic": false,
            "chart": "C:/Users/UMaheshwari/Devops/springboot/my-assignment",
            "cleanup_on_fail": false,
            "create_namespace": false,
            "dependency_update": false,
            "description": null,
            "devel": null,
            "disable_crd_hooks": false,
            "disable_openapi_validation": false,
            "disable_webhooks": false,
            "force_update": false,
            "id": "dev-driver",
            "keyring": null,
            "lint": false,
            "manifest": null,
            "max_history": 0,
            "metadata": [
              {
                "app_version": "1.16.0",
                "chart": "demo-assignment",
                "name": "dev-driver",
                "namespace": "assignment-namespace",
                "revision": 1,
                "values": "{\"env\":\"dev\",\"serviceName\":\"dev-driver\"}",
                "version": "0.1.0"
              }
            ],
            "name": "dev-driver",
            "namespace": "assignment-namespace",
            "pass_credentials": false,
            "postrender": [],
            "recreate_pods": false,
            "render_subchart_notes": true,
            "replace": false,
            "repository": null,
            "repository_ca_file": null,
            "repository_cert_file": null,
            "repository_key_file": null,
            "repository_password": null,
            "repository_username": null,
            "reset_values": false,
            "reuse_values": false,
            "set": [],
            "set_sensitive": [],
            "skip_crds": false,
            "status": "failed",
            "timeout": 300,
            "values": [
              "env: \"dev\"\r\n\r\nserviceName: \"dev-driver\"\r\n"
            ],
            "verify": false,
            "version": "0.1.0",
            "wait": true,
            "wait_for_jobs": false
          },
          "sensitive_attributes": [],
          "private": "bnVsbA=="
        }
      ]
    },
    {
      "module": "module.driver",
      "mode": "managed",
      "type": "kubernetes_namespace",
      "name": "assignment",
      "provider": "module.driver.provider[\"registry.terraform.io/hashicorp/kubernetes\"]",
      "instances": [
        {
          "schema_version": 0,
          "attributes": {
            "id": "assignment-namespace",
            "metadata": [
              {
                "annotations": {
                  "name": "assignment"
                },
                "generate_name": "",
                "generation": 0,
                "labels": {
                  "app": "assignment"
                },
                "name": "assignment-namespace",
                "resource_version": "502158",
                "uid": "55fb09c5-92cf-4654-ba57-5a5ea1b7eab3"
              }
            ],
            "timeouts": null
          },
          "sensitive_attributes": [],
          "private": "eyJlMmJmYjczMC1lY2FhLTExZTYtOGY4OC0zNDM2M2JjN2M0YzAiOnsiZGVsZXRlIjozMDAwMDAwMDAwMDB9fQ=="
        }
      ]
    }
  ],
  "check_results": null
}
